
Microsoft Visual Studio Solution File, Format Version 12.00
# Visual Studio 15
VisualStudioVersion = 15.0.28307.168
MinimumVisualStudioVersion = 10.0.40219.1
Project("{FAE04EC0-301F-11D3-BF4B-00C04F79EFBC}") = "WindowsForms", "WindowsForms\WindowsForms.csproj", "{A35D3AEA-DD66-4191-8ADB-91BABA994831}"
EndProject
Global
	GlobalSection(SolutionConfigurationPlatforms) = preSolution
		Debug|Any CPU = Debug|Any CPU
		Release|Any CPU = Release|Any CPU
	EndGlobalSection
	GlobalSection(ProjectConfigurationPlatforms) = postSolution
		{A35D3AEA-DD66-4191-8ADB-91BABA994831}.Debug|Any CPU.ActiveCfg = Debug|Any CPU
		{A35D3AEA-DD66-4191-8ADB-91BABA994831}.Debug|Any CPU.Build.0 = Debug|Any CPU
		{A35D3AEA-DD66-4191-8ADB-91BABA994831}.Release|Any CPU.ActiveCfg = Release|Any CPU
		{A35D3AEA-DD66-4191-8ADB-91BABA994831}.Release|Any CPU.Build.0 = Release|Any CPU
	EndGlobalSection
	GlobalSection(SolutionProperties) = preSolution
		HideSolutionNode = FALSE
	EndGlobalSection
	GlobalSection(ExtensibilityGlobals) = postSolution
		SolutionGuid = {D26F57F8-770E-44B5-B159-8C36FBD5F21E}
	EndGlobalSection
EndGlobal
