
Microsoft Visual Studio Solution File, Format Version 12.00
# Visual Studio 15
VisualStudioVersion = 15.0.28010.2003
MinimumVisualStudioVersion = 10.0.40219.1
Project("{FAE04EC0-301F-11D3-BF4B-00C04F79EFBC}") = "Суперкалькулятор", "Суперкалькулятор\Суперкалькулятор.csproj", "{12FE3E0F-2EDB-404B-AAEC-B9A6AFF1E8C6}"
EndProject
Global
	GlobalSection(SolutionConfigurationPlatforms) = preSolution
		Debug|Any CPU = Debug|Any CPU
		Release|Any CPU = Release|Any CPU
	EndGlobalSection
	GlobalSection(ProjectConfigurationPlatforms) = postSolution
		{12FE3E0F-2EDB-404B-AAEC-B9A6AFF1E8C6}.Debug|Any CPU.ActiveCfg = Debug|Any CPU
		{12FE3E0F-2EDB-404B-AAEC-B9A6AFF1E8C6}.Debug|Any CPU.Build.0 = Debug|Any CPU
		{12FE3E0F-2EDB-404B-AAEC-B9A6AFF1E8C6}.Release|Any CPU.ActiveCfg = Release|Any CPU
		{12FE3E0F-2EDB-404B-AAEC-B9A6AFF1E8C6}.Release|Any CPU.Build.0 = Release|Any CPU
	EndGlobalSection
	GlobalSection(SolutionProperties) = preSolution
		HideSolutionNode = FALSE
	EndGlobalSection
	GlobalSection(ExtensibilityGlobals) = postSolution
		SolutionGuid = {85763CC6-C245-46C7-B0DB-C07D6B0B9C2F}
	EndGlobalSection
EndGlobal
