
Microsoft Visual Studio Solution File, Format Version 12.00
# Visual Studio 15
VisualStudioVersion = 15.0.28010.2003
MinimumVisualStudioVersion = 10.0.40219.1
Project("{FAE04EC0-301F-11D3-BF4B-00C04F79EFBC}") = "ОбработкаСобытийКлавиатуры", "ОбработкаСобытийКлавиатуры\ОбработкаСобытийКлавиатуры.csproj", "{F907841D-F016-4574-BE03-4A016BE60F3C}"
EndProject
Global
	GlobalSection(SolutionConfigurationPlatforms) = preSolution
		Debug|Any CPU = Debug|Any CPU
		Release|Any CPU = Release|Any CPU
	EndGlobalSection
	GlobalSection(ProjectConfigurationPlatforms) = postSolution
		{F907841D-F016-4574-BE03-4A016BE60F3C}.Debug|Any CPU.ActiveCfg = Debug|Any CPU
		{F907841D-F016-4574-BE03-4A016BE60F3C}.Debug|Any CPU.Build.0 = Debug|Any CPU
		{F907841D-F016-4574-BE03-4A016BE60F3C}.Release|Any CPU.ActiveCfg = Release|Any CPU
		{F907841D-F016-4574-BE03-4A016BE60F3C}.Release|Any CPU.Build.0 = Release|Any CPU
	EndGlobalSection
	GlobalSection(SolutionProperties) = preSolution
		HideSolutionNode = FALSE
	EndGlobalSection
	GlobalSection(ExtensibilityGlobals) = postSolution
		SolutionGuid = {29791963-7B0F-44FA-AEF1-70AC7AAC7F5D}
	EndGlobalSection
EndGlobal
