
Microsoft Visual Studio Solution File, Format Version 12.00
# Visual Studio 15
VisualStudioVersion = 15.0.28010.2003
MinimumVisualStudioVersion = 10.0.40219.1
Project("{FAE04EC0-301F-11D3-BF4B-00C04F79EFBC}") = "Толь-коЦифры+ТчкOrЗпт", "Толь-коЦифры+ТчкOrЗпт\Толь-коЦифры+ТчкOrЗпт.csproj", "{3040C1D9-3148-400C-8B7F-8C8BEA0F932C}"
EndProject
Global
	GlobalSection(SolutionConfigurationPlatforms) = preSolution
		Debug|Any CPU = Debug|Any CPU
		Release|Any CPU = Release|Any CPU
	EndGlobalSection
	GlobalSection(ProjectConfigurationPlatforms) = postSolution
		{3040C1D9-3148-400C-8B7F-8C8BEA0F932C}.Debug|Any CPU.ActiveCfg = Debug|Any CPU
		{3040C1D9-3148-400C-8B7F-8C8BEA0F932C}.Debug|Any CPU.Build.0 = Debug|Any CPU
		{3040C1D9-3148-400C-8B7F-8C8BEA0F932C}.Release|Any CPU.ActiveCfg = Release|Any CPU
		{3040C1D9-3148-400C-8B7F-8C8BEA0F932C}.Release|Any CPU.Build.0 = Release|Any CPU
	EndGlobalSection
	GlobalSection(SolutionProperties) = preSolution
		HideSolutionNode = FALSE
	EndGlobalSection
	GlobalSection(ExtensibilityGlobals) = postSolution
		SolutionGuid = {9BEFE9A0-F8D8-4F6D-8D58-6EBCAE892A45}
	EndGlobalSection
EndGlobal
